
Microsoft Visual Studio Solution File, Format Version 12.00
# Visual Studio Version 16
VisualStudioVersion = 16.0.28803.352
MinimumVisualStudioVersion = 10.0.40219.1
Project("{FAE04EC0-301F-11D3-BF4B-00C04F79EFBC}") = "TP_WEB_GOMEZ_MANSILLA", "TP_WEB_GOMEZ_MANSILLA\TP_WEB_GOMEZ_MANSILLA.csproj", "{BD09FC70-453A-4178-9BFD-5AD0A3E0E5F2}"
EndProject
Project("{FAE04EC0-301F-11D3-BF4B-00C04F79EFBC}") = "Negocios", "Negocios\Negocios.csproj", "{D4894798-AC32-4041-A319-AE2F83941081}"
EndProject
Project("{FAE04EC0-301F-11D3-BF4B-00C04F79EFBC}") = "Dominio", "Dominio\Dominio.csproj", "{2A25F6EA-FDB2-4BEF-91CE-DD2F007A355A}"
EndProject
Project("{FAE04EC0-301F-11D3-BF4B-00C04F79EFBC}") = "AccesoDatos", "AccesoDatos\AccesoDatos.csproj", "{5297BB6D-19CD-4F59-89DD-E8E2A42FB440}"
EndProject
Global
	GlobalSection(SolutionConfigurationPlatforms) = preSolution
		Debug|Any CPU = Debug|Any CPU
		Release|Any CPU = Release|Any CPU
	EndGlobalSection
	GlobalSection(ProjectConfigurationPlatforms) = postSolution
		{BD09FC70-453A-4178-9BFD-5AD0A3E0E5F2}.Debug|Any CPU.ActiveCfg = Debug|Any CPU
		{BD09FC70-453A-4178-9BFD-5AD0A3E0E5F2}.Debug|Any CPU.Build.0 = Debug|Any CPU
		{BD09FC70-453A-4178-9BFD-5AD0A3E0E5F2}.Release|Any CPU.ActiveCfg = Release|Any CPU
		{BD09FC70-453A-4178-9BFD-5AD0A3E0E5F2}.Release|Any CPU.Build.0 = Release|Any CPU
		{D4894798-AC32-4041-A319-AE2F83941081}.Debug|Any CPU.ActiveCfg = Debug|Any CPU
		{D4894798-AC32-4041-A319-AE2F83941081}.Debug|Any CPU.Build.0 = Debug|Any CPU
		{D4894798-AC32-4041-A319-AE2F83941081}.Release|Any CPU.ActiveCfg = Release|Any CPU
		{D4894798-AC32-4041-A319-AE2F83941081}.Release|Any CPU.Build.0 = Release|Any CPU
		{2A25F6EA-FDB2-4BEF-91CE-DD2F007A355A}.Debug|Any CPU.ActiveCfg = Debug|Any CPU
		{2A25F6EA-FDB2-4BEF-91CE-DD2F007A355A}.Debug|Any CPU.Build.0 = Debug|Any CPU
		{2A25F6EA-FDB2-4BEF-91CE-DD2F007A355A}.Release|Any CPU.ActiveCfg = Release|Any CPU
		{2A25F6EA-FDB2-4BEF-91CE-DD2F007A355A}.Release|Any CPU.Build.0 = Release|Any CPU
		{5297BB6D-19CD-4F59-89DD-E8E2A42FB440}.Debug|Any CPU.ActiveCfg = Debug|Any CPU
		{5297BB6D-19CD-4F59-89DD-E8E2A42FB440}.Debug|Any CPU.Build.0 = Debug|Any CPU
		{5297BB6D-19CD-4F59-89DD-E8E2A42FB440}.Release|Any CPU.ActiveCfg = Release|Any CPU
		{5297BB6D-19CD-4F59-89DD-E8E2A42FB440}.Release|Any CPU.Build.0 = Release|Any CPU
	EndGlobalSection
	GlobalSection(SolutionProperties) = preSolution
		HideSolutionNode = FALSE
	EndGlobalSection
	GlobalSection(ExtensibilityGlobals) = postSolution
		SolutionGuid = {8D916BD6-558F-4E36-BF23-77F05359C719}
	EndGlobalSection
EndGlobal
